{
  "name": "luxor-hub",
  "lockfileVersion": 3,
  "requires": true,
  "packages": {
    "": {
      "dependencies": {
        "motion": "^12.42.0"
      }
    },
    "node_modules/framer-motion": {
      "version": "12.42.0",
      "resolved": "https://registry.npmjs.org/framer-motion/-/framer-motion-12.42.0.tgz",
      "integrity": "sha512-wp7EJnfWaaEScVygKv3e20udoRz+LbtxScsuTkakAxfXmt+ReC6WyPW2nINRAGvd+hG9odwcjBLyOTPjH5pBRA==",
      "license": "MIT",
      "dependencies": {
        "motion-dom": "^12.42.0",
        "motion-utils": "^12.39.0",
        "tslib": "^2.4.0"
      },
      "peerDependencies": {
        "@emotion/is-prop-valid": "*",
        "react": "^18.0.0 || ^19.0.0",
        "react-dom": "^18.0.0 || ^19.0.0"
      },
      "peerDependenciesMeta": {
        "@emotion/is-prop-valid": {
          "optional": true
        },
        "react": {
          "optional": true
        },
        "react-dom": {
          "optional": true
        }
      }
    },
    "node_modules/js-tokens": {
      "version": "4.0.0",
      "license": "MIT",
      "optional": true,
      "peer": true
    },
    "node_modules/loose-envify": {
      "version": "1.4.0",
      "license": "MIT",
      "optional": true,
      "peer": true,
      "dependencies": {
        "js-tokens": "^3.0.0 || ^4.0.0"
      },
      "bin": {
        "loose-envify": "cli.js"
      }
    },
    "node_modules/motion": {
      "version": "12.42.0",
      "resolved": "https://registry.npmjs.org/motion/-/motion-12.42.0.tgz",
      "integrity": "sha512-Qhwvu9sVl5/URSq5CNzwMCpSKK8Uhnrwb6VO977kZyj/wOCS7mWebJUnBoHx5cZU1Zv8a9BD5CSICWKAlrLJgA==",
      "license": "MIT",
      "dependencies": {
        "framer-motion": "^12.42.0",
        "tslib": "^2.4.0"
      },
      "peerDependencies": {
        "@emotion/is-prop-valid": "*",
        "react": "^18.0.0 || ^19.0.0",
        "react-dom": "^18.0.0 || ^19.0.0"
      },
      "peerDependenciesMeta": {
        "@emotion/is-prop-valid": {
          "optional": true
        },
        "react": {
          "optional": true
        },
        "react-dom": {
          "optional": true
        }
      }
    },
    "node_modules/motion-dom": {
      "version": "12.42.0",
      "resolved": "https://registry.npmjs.org/motion-dom/-/motion-dom-12.42.0.tgz",
      "integrity": "sha512-M63h4n8R+quJdNhBwuLlgxM+OLYa9+I/T2pzDRboB9fLXRdbou+Gw7Zury+SkpaCyACP1JHSjHgZ1EgTkBr30w==",
      "license": "MIT",
      "dependencies": {
        "motion-utils": "^12.39.0"
      }
    },
    "node_modules/motion-utils": {
      "version": "12.39.0",
      "resolved": "https://registry.npmjs.org/motion-utils/-/motion-utils-12.39.0.tgz",
      "integrity": "sha512-8nadJAJjTtqRkmRF36FoJTrywK9nnFmnPwnSMyxaOCU7GDjN9RTMJIxx9De8ErM+vpPhMccr/6fo5WciyQLnMQ==",
      "license": "MIT"
    },
    "node_modules/react": {
      "version": "18.3.1",
      "license": "MIT",
      "optional": true,
      "peer": true,
      "dependencies": {
        "loose-envify": "^1.1.0"
      },
      "engines": {
        "node": ">=0.10.0"
      }
    },
    "node_modules/react-dom": {
      "version": "18.3.1",
      "license": "MIT",
      "optional": true,
      "peer": true,
      "dependencies": {
        "loose-envify": "^1.1.0",
        "scheduler": "^0.23.2"
      },
      "peerDependencies": {
        "react": "^18.3.1"
      }
    },
    "node_modules/react-dom/node_modules/scheduler": {
      "version": "0.23.2",
      "license": "MIT",
      "optional": true,
      "peer": true,
      "dependencies": {
        "loose-envify": "^1.1.0"
      }
    },
    "node_modules/tslib": {
      "version": "2.8.1",
      "license": "0BSD"
    }
  }
}
